{
    "heroku/heroku-buildpack-php": {
        "version": "v155"
    },
    "monolog/monolog": {
        "version": "1.24.0"
    },
    "psr/log": {
        "version": "1.1.0"
    },
    "symfony/flex": {
        "version": "1.0",
        "recipe": {
            "repo": "github.com/symfony/recipes",
            "branch": "master",
            "version": "1.0",
            "ref": "dc3fc2e0334a4137c47cfd5a3ececc601fa61a0b"
        },
        "files": [
            "./.env"
        ]
    },
    "symfony/polyfill-ctype": {
        "version": "v1.11.0"
    },
    "symfony/polyfill-mbstring": {
        "version": "v1.11.0"
    },
    "symfony/twig-bridge": {
        "version": "v3.4.27"
    },
    "twig/twig": {
        "version": "v2.10.0"
    }
}
